
Microsoft Visual Studio Solution File, Format Version 12.00
# Visual Studio Version 16
VisualStudioVersion = 16.0.29926.136
MinimumVisualStudioVersion = 15.0.26124.0
Project("{9A19103F-16F7-4668-BE54-9A1E7A4F7556}") = "ERP-API", "ERP-API.csproj", "{FAD787B5-4A5C-4506-AE8B-2DB7D057301C}"
EndProject
Project("{9A19103F-16F7-4668-BE54-9A1E7A4F7556}") = "ERP-API.Test", "..\ERP-API.Test\ERP-API.Test.csproj", "{2C04A1B2-D653-4DE4-ABC2-036C3D5589DD}"
EndProject
Global
	GlobalSection(SolutionConfigurationPlatforms) = preSolution
		Debug|Any CPU = Debug|Any CPU
		Debug|x64 = Debug|x64
		Debug|x86 = Debug|x86
		Release|Any CPU = Release|Any CPU
		Release|x64 = Release|x64
		Release|x86 = Release|x86
	EndGlobalSection
	GlobalSection(ProjectConfigurationPlatforms) = postSolution
		{FAD787B5-4A5C-4506-AE8B-2DB7D057301C}.Debug|Any CPU.ActiveCfg = Debug|Any CPU
		{FAD787B5-4A5C-4506-AE8B-2DB7D057301C}.Debug|Any CPU.Build.0 = Debug|Any CPU
		{FAD787B5-4A5C-4506-AE8B-2DB7D057301C}.Debug|x64.ActiveCfg = Debug|Any CPU
		{FAD787B5-4A5C-4506-AE8B-2DB7D057301C}.Debug|x64.Build.0 = Debug|Any CPU
		{FAD787B5-4A5C-4506-AE8B-2DB7D057301C}.Debug|x86.ActiveCfg = Debug|Any CPU
		{FAD787B5-4A5C-4506-AE8B-2DB7D057301C}.Debug|x86.Build.0 = Debug|Any CPU
		{FAD787B5-4A5C-4506-AE8B-2DB7D057301C}.Release|Any CPU.ActiveCfg = Release|Any CPU
		{FAD787B5-4A5C-4506-AE8B-2DB7D057301C}.Release|Any CPU.Build.0 = Release|Any CPU
		{FAD787B5-4A5C-4506-AE8B-2DB7D057301C}.Release|x64.ActiveCfg = Release|Any CPU
		{FAD787B5-4A5C-4506-AE8B-2DB7D057301C}.Release|x64.Build.0 = Release|Any CPU
		{FAD787B5-4A5C-4506-AE8B-2DB7D057301C}.Release|x86.ActiveCfg = Release|Any CPU
		{FAD787B5-4A5C-4506-AE8B-2DB7D057301C}.Release|x86.Build.0 = Release|Any CPU
		{2C04A1B2-D653-4DE4-ABC2-036C3D5589DD}.Debug|Any CPU.ActiveCfg = Debug|Any CPU
		{2C04A1B2-D653-4DE4-ABC2-036C3D5589DD}.Debug|Any CPU.Build.0 = Debug|Any CPU
		{2C04A1B2-D653-4DE4-ABC2-036C3D5589DD}.Debug|x64.ActiveCfg = Debug|Any CPU
		{2C04A1B2-D653-4DE4-ABC2-036C3D5589DD}.Debug|x64.Build.0 = Debug|Any CPU
		{2C04A1B2-D653-4DE4-ABC2-036C3D5589DD}.Debug|x86.ActiveCfg = Debug|Any CPU
		{2C04A1B2-D653-4DE4-ABC2-036C3D5589DD}.Debug|x86.Build.0 = Debug|Any CPU
		{2C04A1B2-D653-4DE4-ABC2-036C3D5589DD}.Release|Any CPU.ActiveCfg = Release|Any CPU
		{2C04A1B2-D653-4DE4-ABC2-036C3D5589DD}.Release|Any CPU.Build.0 = Release|Any CPU
		{2C04A1B2-D653-4DE4-ABC2-036C3D5589DD}.Release|x64.ActiveCfg = Release|Any CPU
		{2C04A1B2-D653-4DE4-ABC2-036C3D5589DD}.Release|x64.Build.0 = Release|Any CPU
		{2C04A1B2-D653-4DE4-ABC2-036C3D5589DD}.Release|x86.ActiveCfg = Release|Any CPU
		{2C04A1B2-D653-4DE4-ABC2-036C3D5589DD}.Release|x86.Build.0 = Release|Any CPU
	EndGlobalSection
	GlobalSection(SolutionProperties) = preSolution
		HideSolutionNode = FALSE
	EndGlobalSection
	GlobalSection(ExtensibilityGlobals) = postSolution
		SolutionGuid = {C443CC7C-E4A4-4EEF-8905-2FC1310E54AB}
	EndGlobalSection
EndGlobal
